
Microsoft Visual Studio Solution File, Format Version 12.00
# Visual Studio Version 17
VisualStudioVersion = 17.13.35931.197 d17.13
MinimumVisualStudioVersion = 10.0.40219.1
Project("{FAE04EC0-301F-11D3-BF4B-00C04F79EFBC}") = "HelloWorld", "HelloWorld\HelloWorld.csproj", "{E80DE8E2-ED15-4BF6-8642-2E5B907FE660}"
EndProject
Global
	GlobalSection(SolutionConfigurationPlatforms) = preSolution
		Debug|Any CPU = Debug|Any CPU
		Release|Any CPU = Release|Any CPU
	EndGlobalSection
	GlobalSection(ProjectConfigurationPlatforms) = postSolution
		{E80DE8E2-ED15-4BF6-8642-2E5B907FE660}.Debug|Any CPU.ActiveCfg = Debug|Any CPU
		{E80DE8E2-ED15-4BF6-8642-2E5B907FE660}.Debug|Any CPU.Build.0 = Debug|Any CPU
		{E80DE8E2-ED15-4BF6-8642-2E5B907FE660}.Release|Any CPU.ActiveCfg = Release|Any CPU
		{E80DE8E2-ED15-4BF6-8642-2E5B907FE660}.Release|Any CPU.Build.0 = Release|Any CPU
	EndGlobalSection
	GlobalSection(SolutionProperties) = preSolution
		HideSolutionNode = FALSE
	EndGlobalSection
	GlobalSection(ExtensibilityGlobals) = postSolution
		SolutionGuid = {541AFD86-41A5-45A7-98FF-51BF21EF0094}
	EndGlobalSection
EndGlobal
